
Microsoft Visual Studio Solution File, Format Version 12.00
# Visual Studio 15
VisualStudioVersion = 15.0.28307.106
MinimumVisualStudioVersion = 10.0.40219.1
Project("{FAE04EC0-301F-11D3-BF4B-00C04F79EFBC}") = "CaptureScreenshot", "CaptureScreenshot\CaptureScreenshot.csproj", "{11FDA9B6-4362-4E58-98F0-985E1644F26F}"
EndProject
Project("{2150E333-8FDC-42A3-9474-1A3956D46DE8}") = "Library", "Library", "{9BA6E1D9-7691-40AE-8C88-298C0FDB8CD4}"
EndProject
Project("{FAE04EC0-301F-11D3-BF4B-00C04F79EFBC}") = "BroadcastServer", "BroadcastServer\BroadcastServer.csproj", "{2A794140-86CF-411E-B3C4-CA0DC15403B8}"
EndProject
Global
	GlobalSection(SolutionConfigurationPlatforms) = preSolution
		Debug|Any CPU = Debug|Any CPU
		Release|Any CPU = Release|Any CPU
	EndGlobalSection
	GlobalSection(ProjectConfigurationPlatforms) = postSolution
		{11FDA9B6-4362-4E58-98F0-985E1644F26F}.Debug|Any CPU.ActiveCfg = Debug|Any CPU
		{11FDA9B6-4362-4E58-98F0-985E1644F26F}.Debug|Any CPU.Build.0 = Debug|Any CPU
		{11FDA9B6-4362-4E58-98F0-985E1644F26F}.Release|Any CPU.ActiveCfg = Release|Any CPU
		{11FDA9B6-4362-4E58-98F0-985E1644F26F}.Release|Any CPU.Build.0 = Release|Any CPU
		{2A794140-86CF-411E-B3C4-CA0DC15403B8}.Debug|Any CPU.ActiveCfg = Debug|Any CPU
		{2A794140-86CF-411E-B3C4-CA0DC15403B8}.Debug|Any CPU.Build.0 = Debug|Any CPU
		{2A794140-86CF-411E-B3C4-CA0DC15403B8}.Release|Any CPU.ActiveCfg = Release|Any CPU
		{2A794140-86CF-411E-B3C4-CA0DC15403B8}.Release|Any CPU.Build.0 = Release|Any CPU
	EndGlobalSection
	GlobalSection(SolutionProperties) = preSolution
		HideSolutionNode = FALSE
	EndGlobalSection
	GlobalSection(NestedProjects) = preSolution
		{11FDA9B6-4362-4E58-98F0-985E1644F26F} = {9BA6E1D9-7691-40AE-8C88-298C0FDB8CD4}
	EndGlobalSection
	GlobalSection(ExtensibilityGlobals) = postSolution
		SolutionGuid = {3533E289-9C9F-4B59-BF43-F7D7AF63FBD6}
	EndGlobalSection
EndGlobal
